
Microsoft Visual Studio Solution File, Format Version 12.00
# Visual Studio Version 16
VisualStudioVersion = 16.0.30717.126
MinimumVisualStudioVersion = 10.0.40219.1
Project("{FAE04EC0-301F-11D3-BF4B-00C04F79EFBC}") = "9.2", "9.2.csproj", "{88E8B8B4-82E3-4EBC-9753-A5DC7621F67E}"
EndProject
Global
	GlobalSection(SolutionConfigurationPlatforms) = preSolution
		Debug|Any CPU = Debug|Any CPU
		Release|Any CPU = Release|Any CPU
	EndGlobalSection
	GlobalSection(ProjectConfigurationPlatforms) = postSolution
		{88E8B8B4-82E3-4EBC-9753-A5DC7621F67E}.Debug|Any CPU.ActiveCfg = Debug|Any CPU
		{88E8B8B4-82E3-4EBC-9753-A5DC7621F67E}.Debug|Any CPU.Build.0 = Debug|Any CPU
		{88E8B8B4-82E3-4EBC-9753-A5DC7621F67E}.Release|Any CPU.ActiveCfg = Release|Any CPU
		{88E8B8B4-82E3-4EBC-9753-A5DC7621F67E}.Release|Any CPU.Build.0 = Release|Any CPU
	EndGlobalSection
	GlobalSection(SolutionProperties) = preSolution
		HideSolutionNode = FALSE
	EndGlobalSection
	GlobalSection(ExtensibilityGlobals) = postSolution
		SolutionGuid = {2F35D9E5-AB15-4A17-B807-370D4659E67E}
	EndGlobalSection
EndGlobal
